// !$*UTF8*$!
{
	archiveVersion = 1;
	classes = {
	};
	objectVersion = 55;
	objects = {

/* Begin PBXBuildFile section */
		DD4797C828BF54CE00351DC4 /* AppDelegate.swift in Sources */ = {isa = PBXBuildFile; fileRef = DD4797C728BF54CE00351DC4 /* AppDelegate.swift */; };
		DD4797CA28BF54CE00351DC4 /* SceneDelegate.swift in Sources */ = {isa = PBXBuildFile; fileRef = DD4797C928BF54CE00351DC4 /* SceneDelegate.swift */; };
		DD4797CC28BF54CE00351DC4 /* ViewController.swift in Sources */ = {isa = PBXBuildFile; fileRef = DD4797CB28BF54CE00351DC4 /* ViewController.swift */; };
		DD4797CF28BF54CE00351DC4 /* Main.storyboard in Resources */ = {isa = PBXBuildFile; fileRef = DD4797CD28BF54CE00351DC4 /* Main.storyboard */; };
		DD4797D128BF54CF00351DC4 /* Assets.xcassets in Resources */ = {isa = PBXBuildFile; fileRef = DD4797D028BF54CF00351DC4 /* Assets.xcassets */; };
		DD4797D428BF54CF00351DC4 /* LaunchScreen.storyboard in Resources */ = {isa = PBXBuildFile; fileRef = DD4797D228BF54CF00351DC4 /* LaunchScreen.storyboard */; };
		DD4797DF28BF54CF00351DC4 /* SeguesAndGesturesTests.swift in Sources */ = {isa = PBXBuildFile; fileRef = DD4797DE28BF54CF00351DC4 /* SeguesAndGesturesTests.swift */; };
		DD4797E928BF54CF00351DC4 /* SeguesAndGesturesUITests.swift in Sources */ = {isa = PBXBuildFile; fileRef = DD4797E828BF54CF00351DC4 /* SeguesAndGesturesUITests.swift */; };
		DD4797EB28BF54CF00351DC4 /* SeguesAndGesturesUITestsLaunchTests.swift in Sources */ = {isa = PBXBuildFile; fileRef = DD4797EA28BF54CF00351DC4 /* SeguesAndGesturesUITestsLaunchTests.swift */; };
		DD4797F828BF5DE300351DC4 /* SecondViewController.swift in Sources */ = {isa = PBXBuildFile; fileRef = DD4797F728BF5DE300351DC4 /* SecondViewController.swift */; };
/* End PBXBuildFile section */

/* Begin PBXContainerItemProxy section */
		DD4797DB28BF54CF00351DC4 /* PBXContainerItemProxy */ = {
			isa = PBXContainerItemProxy;
			containerPortal = DD4797BC28BF54CE00351DC4 /* Project object */;
			proxyType = 1;
			remoteGlobalIDString = DD4797C328BF54CE00351DC4;
			remoteInfo = SeguesAndGestures;
		};
		DD4797E528BF54CF00351DC4 /* PBXContainerItemProxy */ = {
			isa = PBXContainerItemProxy;
			containerPortal = DD4797BC28BF54CE00351DC4 /* Project object */;
			proxyType = 1;
			remoteGlobalIDString = DD4797C328BF54CE00351DC4;
			remoteInfo = SeguesAndGestures;
		};
/* End PBXContainerItemProxy section */

/* Begin PBXFileReference section */
		DD4797C428BF54CE00351DC4 /* SeguesAndGestures.app */ = {isa = PBXFileReference; explicitFileType = wrapper.application; includeInIndex = 0; path = SeguesAndGestures.app; sourceTree = BUILT_PRODUCTS_DIR; };
		DD4797C728BF54CE00351DC4 /* AppDelegate.swift */ = {isa = PBXFileReference; lastKnownFileType = sourcecode.swift; path = AppDelegate.swift; sourceTree = "<group>"; };
		DD4797C928BF54CE00351DC4 /* SceneDelegate.swift */ = {isa = PBXFileReference; lastKnownFileType = sourcecode.swift; path = SceneDelegate.swift; sourceTree = "<group>"; };
		DD4797CB28BF54CE00351DC4 /* ViewController.swift */ = {isa = PBXFileReference; lastKnownFileType = sourcecode.swift; path = ViewController.swift; sourceTree = "<group>"; };
		DD4797CE28BF54CE00351DC4 /* Base */ = {isa = PBXFileReference; lastKnownFileType = file.storyboard; name = Base; path = Base.lproj/Main.storyboard; sourceTree = "<group>"; };
		DD4797D028BF54CF00351DC4 /* Assets.xcassets */ = {isa = PBXFileReference; lastKnownFileType = folder.assetcatalog; path = Assets.xcassets; sourceTree = "<group>"; };
		DD4797D328BF54CF00351DC4 /* Base */ = {isa = PBXFileReference; lastKnownFileType = file.storyboard; name = Base; path = Base.lproj/LaunchScreen.storyboard; sourceTree = "<group>"; };
		DD4797D528BF54CF00351DC4 /* Info.plist */ = {isa = PBXFileReference; lastKnownFileType = text.plist.xml; path = Info.plist; sourceTree = "<group>"; };
		DD4797DA28BF54CF00351DC4 /* SeguesAndGesturesTests.xctest */ = {isa = PBXFileReference; explicitFileType = wrapper.cfbundle; includeInIndex = 0; path = SeguesAndGesturesTests.xctest; sourceTree = BUILT_PRODUCTS_DIR; };
		DD4797DE28BF54CF00351DC4 /* SeguesAndGesturesTests.swift */ = {isa = PBXFileReference; lastKnownFileType = sourcecode.swift; path = SeguesAndGesturesTests.swift; sourceTree = "<group>"; };
		DD4797E428BF54CF00351DC4 /* SeguesAndGesturesUITests.xctest */ = {isa = PBXFileReference; explicitFileType = wrapper.cfbundle; includeInIndex = 0; path = SeguesAndGesturesUITests.xctest; sourceTree = BUILT_PRODUCTS_DIR; };
		DD4797E828BF54CF00351DC4 /* SeguesAndGesturesUITests.swift */ = {isa = PBXFileReference; lastKnownFileType = sourcecode.swift; path = SeguesAndGesturesUITests.swift; sourceTree = "<group>"; };
		DD4797EA28BF54CF00351DC4 /* SeguesAndGesturesUITestsLaunchTests.swift */ = {isa = PBXFileReference; lastKnownFileType = sourcecode.swift; path = SeguesAndGesturesUITestsLaunchTests.swift; sourceTree = "<group>"; };
		DD4797F728BF5DE300351DC4 /* SecondViewController.swift */ = {isa = PBXFileReference; lastKnownFileType = sourcecode.swift; path = SecondViewController.swift; sourceTree = "<group>"; };
/* End PBXFileReference section */

/* Begin PBXFrameworksBuildPhase section */
		DD4797C128BF54CE00351DC4 /* Frameworks */ = {
			isa = PBXFrameworksBuildPhase;
			buildActionMask = 2147483647;
			files = (
			);
			runOnlyForDeploymentPostprocessing = 0;
		};
		DD4797D728BF54CF00351DC4 /* Frameworks */ = {
			isa = PBXFrameworksBuildPhase;
			buildActionMask = 2147483647;
			files = (
			);
			runOnlyForDeploymentPostprocessing = 0;
		};
		DD4797E128BF54CF00351DC4 /* Frameworks */ = {
			isa = PBXFrameworksBuildPhase;
			buildActionMask = 2147483647;
			files = (
			);
			runOnlyForDeploymentPostprocessing = 0;
		};
/* End PBXFrameworksBuildPhase section */

/* Begin PBXGroup section */
		DD4797BB28BF54CE00351DC4 = {
			isa = PBXGroup;
			children = (
				DD4797C628BF54CE00351DC4 /* SeguesAndGestures */,
				DD4797DD28BF54CF00351DC4 /* SeguesAndGesturesTests */,
				DD4797E728BF54CF00351DC4 /* SeguesAndGesturesUITests */,
				DD4797C528BF54CE00351DC4 /* Products */,
			);
			sourceTree = "<group>";
		};
		DD4797C528BF54CE00351DC4 /* Products */ = {
			isa = PBXGroup;
			children = (
				DD4797C428BF54CE00351DC4 /* SeguesAndGestures.app */,
				DD4797DA28BF54CF00351DC4 /* SeguesAndGesturesTests.xctest */,
				DD4797E428BF54CF00351DC4 /* SeguesAndGesturesUITests.xctest */,
			);
			name = Products;
			sourceTree = "<group>";
		};
		DD4797C628BF54CE00351DC4 /* SeguesAndGestures */ = {
			isa = PBXGroup;
			children = (
				DD4797C728BF54CE00351DC4 /* AppDelegate.swift */,
				DD4797C928BF54CE00351DC4 /* SceneDelegate.swift */,
				DD4797CB28BF54CE00351DC4 /* ViewController.swift */,
				DD4797CD28BF54CE00351DC4 /* Main.storyboard */,
				DD4797D028BF54CF00351DC4 /* Assets.xcassets */,
				DD4797D228BF54CF00351DC4 /* LaunchScreen.storyboard */,
				DD4797D528BF54CF00351DC4 /* Info.plist */,
				DD4797F728BF5DE300351DC4 /* SecondViewController.swift */,
			);
			path = SeguesAndGestures;
			sourceTree = "<group>";
		};
		DD4797DD28BF54CF00351DC4 /* SeguesAndGesturesTests */ = {
			isa = PBXGroup;
			children = (
				DD4797DE28BF54CF00351DC4 /* SeguesAndGesturesTests.swift */,
			);
			path = SeguesAndGesturesTests;
			sourceTree = "<group>";
		};
		DD4797E728BF54CF00351DC4 /* SeguesAndGesturesUITests */ = {
			isa = PBXGroup;
			children = (
				DD4797E828BF54CF00351DC4 /* SeguesAndGesturesUITests.swift */,
				DD4797EA28BF54CF00351DC4 /* SeguesAndGesturesUITestsLaunchTests.swift */,
			);
			path = SeguesAndGesturesUITests;
			sourceTree = "<group>";
		};
/* End PBXGroup section */

/* Begin PBXNativeTarget section */
		DD4797C328BF54CE00351DC4 /* SeguesAndGestures */ = {
			isa = PBXNativeTarget;
			buildConfigurationList = DD4797EE28BF54CF00351DC4 /* Build configuration list for PBXNativeTarget "SeguesAndGestures" */;
			buildPhases = (
				DD4797C028BF54CE00351DC4 /* Sources */,
				DD4797C128BF54CE00351DC4 /* Frameworks */,
				DD4797C228BF54CE00351DC4 /* Resources */,
			);
			buildRules = (
			);
			dependencies = (
			);
			name = SeguesAndGestures;
			productName = SeguesAndGestures;
			productReference = DD4797C428BF54CE00351DC4 /* SeguesAndGestures.app */;
			productType = "com.apple.product-type.application";
		};
		DD4797D928BF54CF00351DC4 /* SeguesAndGesturesTests */ = {
			isa = PBXNativeTarget;
			buildConfigurationList = DD4797F128BF54CF00351DC4 /* Build configuration list for PBXNativeTarget "SeguesAndGesturesTests" */;
			buildPhases = (
				DD4797D628BF54CF00351DC4 /* Sources */,
				DD4797D728BF54CF00351DC4 /* Frameworks */,
				DD4797D828BF54CF00351DC4 /* Resources */,
			);
			buildRules = (
			);
			dependencies = (
				DD4797DC28BF54CF00351DC4 /* PBXTargetDependency */,
			);
			name = SeguesAndGesturesTests;
			productName = SeguesAndGesturesTests;
			productReference = DD4797DA28BF54CF00351DC4 /* SeguesAndGesturesTests.xctest */;
			productType = "com.apple.product-type.bundle.unit-test";
		};
		DD4797E328BF54CF00351DC4 /* SeguesAndGesturesUITests */ = {
			isa = PBXNativeTarget;
			buildConfigurationList = DD4797F428BF54CF00351DC4 /* Build configuration list for PBXNativeTarget "SeguesAndGesturesUITests" */;
			buildPhases = (
				DD4797E028BF54CF00351DC4 /* Sources */,
				DD4797E128BF54CF00351DC4 /* Frameworks */,
				DD4797E228BF54CF00351DC4 /* Resources */,
			);
			buildRules = (
			);
			dependencies = (
				DD4797E628BF54CF00351DC4 /* PBXTargetDependency */,
			);
			name = SeguesAndGesturesUITests;
			productName = SeguesAndGesturesUITests;
			productReference = DD4797E428BF54CF00351DC4 /* SeguesAndGesturesUITests.xctest */;
			productType = "com.apple.product-type.bundle.ui-testing";
		};
/* End PBXNativeTarget section */

/* Begin PBXProject section */
		DD4797BC28BF54CE00351DC4 /* Project object */ = {
			isa = PBXProject;
			attributes = {
				BuildIndependentTargetsInParallel = 1;
				LastSwiftUpdateCheck = 1340;
				LastUpgradeCheck = 1340;
				TargetAttributes = {
					DD4797C328BF54CE00351DC4 = {
						CreatedOnToolsVersion = 13.4.1;
					};
					DD4797D928BF54CF00351DC4 = {
						CreatedOnToolsVersion = 13.4.1;
						TestTargetID = DD4797C328BF54CE00351DC4;
					};
					DD4797E328BF54CF00351DC4 = {
						CreatedOnToolsVersion = 13.4.1;
						TestTargetID = DD4797C328BF54CE00351DC4;
					};
				};
			};
			buildConfigurationList = DD4797BF28BF54CE00351DC4 /* Build configuration list for PBXProject "SeguesAndGestures" */;
			compatibilityVersion = "Xcode 13.0";
			developmentRegion = en;
			hasScannedForEncodings = 0;
			knownRegions = (
				en,
				Base,
			);
			mainGroup = DD4797BB28BF54CE00351DC4;
			productRefGroup = DD4797C528BF54CE00351DC4 /* Products */;
			projectDirPath = "";
			projectRoot = "";
			targets = (
				DD4797C328BF54CE00351DC4 /* SeguesAndGestures */,
				DD4797D928BF54CF00351DC4 /* SeguesAndGesturesTests */,
				DD4797E328BF54CF00351DC4 /* SeguesAndGesturesUITests */,
			);
		};
/* End PBXProject section */

/* Begin PBXResourcesBuildPhase section */
		DD4797C228BF54CE00351DC4 /* Resources */ = {
			isa = PBXResourcesBuildPhase;
			buildActionMask = 2147483647;
			files = (
				DD4797D428BF54CF00351DC4 /* LaunchScreen.storyboard in Resources */,
				DD4797D128BF54CF00351DC4 /* Assets.xcassets in Resources */,
				DD4797CF28BF54CE00351DC4 /* Main.storyboard in Resources */,
			);
			runOnlyForDeploymentPostprocessing = 0;
		};
		DD4797D828BF54CF00351DC4 /* Resources */ = {
			isa = PBXResourcesBuildPhase;
			buildActionMask = 2147483647;
			files = (
			);
			runOnlyForDeploymentPostprocessing = 0;
		};
		DD4797E228BF54CF00351DC4 /* Resources */ = {
			isa = PBXResourcesBuildPhase;
			buildActionMask = 2147483647;
			files = (
			);
			runOnlyForDeploymentPostprocessing = 0;
		};
/* End PBXResourcesBuildPhase section */

/* Begin PBXSourcesBuildPhase section */
		DD4797C028BF54CE00351DC4 /* Sources */ = {
			isa = PBXSourcesBuildPhase;
			buildActionMask = 2147483647;
			files = (
				DD4797F828BF5DE300351DC4 /* SecondViewController.swift in Sources */,
				DD4797CC28BF54CE00351DC4 /* ViewController.swift in Sources */,
				DD4797C828BF54CE00351DC4 /* AppDelegate.swift in Sources */,
				DD4797CA28BF54CE00351DC4 /* SceneDelegate.swift in Sources */,
			);
			runOnlyForDeploymentPostprocessing = 0;
		};
		DD4797D628BF54CF00351DC4 /* Sources */ = {
			isa = PBXSourcesBuildPhase;
			buildActionMask = 2147483647;
			files = (
				DD4797DF28BF54CF00351DC4 /* SeguesAndGesturesTests.swift in Sources */,
			);
			runOnlyForDeploymentPostprocessing = 0;
		};
		DD4797E028BF54CF00351DC4 /* Sources */ = {
			isa = PBXSourcesBuildPhase;
			buildActionMask = 2147483647;
			files = (
				DD4797EB28BF54CF00351DC4 /* SeguesAndGesturesUITestsLaunchTests.swift in Sources */,
				DD4797E928BF54CF00351DC4 /* SeguesAndGesturesUITests.swift in Sources */,
			);
			runOnlyForDeploymentPostprocessing = 0;
		};
/* End PBXSourcesBuildPhase section */

/* Begin PBXTargetDependency section */
		DD4797DC28BF54CF00351DC4 /* PBXTargetDependency */ = {
			isa = PBXTargetDependency;
			target = DD4797C328BF54CE00351DC4 /* SeguesAndGestures */;
			targetProxy = DD4797DB28BF54CF00351DC4 /* PBXContainerItemProxy */;
		};
		DD4797E628BF54CF00351DC4 /* PBXTargetDependency */ = {
			isa = PBXTargetDependency;
			target = DD4797C328BF54CE00351DC4 /* SeguesAndGestures */;
			targetProxy = DD4797E528BF54CF00351DC4 /* PBXContainerItemProxy */;
		};
/* End PBXTargetDependency section */

/* Begin PBXVariantGroup section */
		DD4797CD28BF54CE00351DC4 /* Main.storyboard */ = {
			isa = PBXVariantGroup;
			children = (
				DD4797CE28BF54CE00351DC4 /* Base */,
			);
			name = Main.storyboard;
			sourceTree = "<group>";
		};
		DD4797D228BF54CF00351DC4 /* LaunchScreen.storyboard */ = {
			isa = PBXVariantGroup;
			children = (
				DD4797D328BF54CF00351DC4 /* Base */,
			);
			name = LaunchScreen.storyboard;
			sourceTree = "<group>";
		};
/* End PBXVariantGroup section */

/* Begin XCBuildConfiguration section */
		DD4797EC28BF54CF00351DC4 /* Debug */ = {
			isa = XCBuildConfiguration;
			buildSettings = {
				ALWAYS_SEARCH_USER_PATHS = NO;
				CLANG_ANALYZER_NONNULL = YES;
				CLANG_ANALYZER_NUMBER_OBJECT_CONVERSION = YES_AGGRESSIVE;
				CLANG_CXX_LANGUAGE_STANDARD = "gnu++17";
				CLANG_ENABLE_MODULES = YES;
				CLANG_ENABLE_OBJC_ARC = YES;
				CLANG_ENABLE_OBJC_WEAK = YES;
				CLANG_WARN_BLOCK_CAPTURE_AUTORELEASING = YES;
				CLANG_WARN_BOOL_CONVERSION = YES;
				CLANG_WARN_COMMA = YES;
				CLANG_WARN_CONSTANT_CONVERSION = YES;
				CLANG_WARN_DEPRECATED_OBJC_IMPLEMENTATIONS = YES;
				CLANG_WARN_DIRECT_OBJC_ISA_USAGE = YES_ERROR;
				CLANG_WARN_DOCUMENTATION_COMMENTS = YES;
				CLANG_WARN_EMPTY_BODY = YES;
				CLANG_WARN_ENUM_CONVERSION = YES;
				CLANG_WARN_INFINITE_RECURSION = YES;
				CLANG_WARN_INT_CONVERSION = YES;
				CLANG_WARN_NON_LITERAL_NULL_CONVERSION = YES;
				CLANG_WARN_OBJC_IMPLICIT_RETAIN_SELF = YES;
				CLANG_WARN_OBJC_LITERAL_CONVERSION = YES;
				CLANG_WARN_OBJC_ROOT_CLASS = YES_ERROR;
				CLANG_WARN_QUOTED_INCLUDE_IN_FRAMEWORK_HEADER = YES;
				CLANG_WARN_RANGE_LOOP_ANALYSIS = YES;
				CLANG_WARN_STRICT_PROTOTYPES = YES;
				CLANG_WARN_SUSPICIOUS_MOVE = YES;
				CLANG_WARN_UNGUARDED_AVAILABILITY = YES_AGGRESSIVE;
				CLANG_WARN_UNREACHABLE_CODE = YES;
				CLANG_WARN__DUPLICATE_METHOD_MATCH = YES;
				COPY_PHASE_STRIP = NO;
				DEBUG_INFORMATION_FORMAT = dwarf;
				ENABLE_STRICT_OBJC_MSGSEND = YES;
				ENABLE_TESTABILITY = YES;
				GCC_C_LANGUAGE_STANDARD = gnu11;
				GCC_DYNAMIC_NO_PIC = NO;
				GCC_NO_COMMON_BLOCKS = YES;
				GCC_OPTIMIZATION_LEVEL = 0;
				GCC_PREPROCESSOR_DEFINITIONS = (
					"DEBUG=1",
					"$(inherited)",
				);
				GCC_WARN_64_TO_32_BIT_CONVERSION = YES;
				GCC_WARN_ABOUT_RETURN_TYPE = YES_ERROR;
				GCC_WARN_UNDECLARED_SELECTOR = YES;
				GCC_WARN_UNINITIALIZED_AUTOS = YES_AGGRESSIVE;
				GCC_WARN_UNUSED_FUNCTION = YES;
				GCC_WARN_UNUSED_VARIABLE = YES;
				IPHONEOS_DEPLOYMENT_TARGET = 15.5;
				MTL_ENABLE_DEBUG_INFO = INCLUDE_SOURCE;
				MTL_FAST_MATH = YES;
				ONLY_ACTIVE_ARCH = YES;
				SDKROOT = iphoneos;
				SWIFT_ACTIVE_COMPILATION_CONDITIONS = DEBUG;
				SWIFT_OPTIMIZATION_LEVEL = "-Onone";
			};
			name = Debug;
		};
		DD4797ED28BF54CF00351DC4 /* Release */ = {
			isa = XCBuildConfiguration;
			buildSettings = {
				ALWAYS_SEARCH_USER_PATHS = NO;
				CLANG_ANALYZER_NONNULL = YES;
				CLANG_ANALYZER_NUMBER_OBJECT_CONVERSION = YES_AGGRESSIVE;
				CLANG_CXX_LANGUAGE_STANDARD = "gnu++17";
				CLANG_ENABLE_MODULES = YES;
				CLANG_ENABLE_OBJC_ARC = YES;
				CLANG_ENABLE_OBJC_WEAK = YES;
				CLANG_WARN_BLOCK_CAPTURE_AUTORELEASING = YES;
				CLANG_WARN_BOOL_CONVERSION = YES;
				CLANG_WARN_COMMA = YES;
				CLANG_WARN_CONSTANT_CONVERSION = YES;
				CLANG_WARN_DEPRECATED_OBJC_IMPLEMENTATIONS = YES;
				CLANG_WARN_DIRECT_OBJC_ISA_USAGE = YES_ERROR;
				CLANG_WARN_DOCUMENTATION_COMMENTS = YES;
				CLANG_WARN_EMPTY_BODY = YES;
				CLANG_WARN_ENUM_CONVERSION = YES;
				CLANG_WARN_INFINITE_RECURSION = YES;
				CLANG_WARN_INT_CONVERSION = YES;
				CLANG_WARN_NON_LITERAL_NULL_CONVERSION = YES;
				CLANG_WARN_OBJC_IMPLICIT_RETAIN_SELF = YES;
				CLANG_WARN_OBJC_LITERAL_CONVERSION = YES;
				CLANG_WARN_OBJC_ROOT_CLASS = YES_ERROR;
				CLANG_WARN_QUOTED_INCLUDE_IN_FRAMEWORK_HEADER = YES;
				CLANG_WARN_RANGE_LOOP_ANALYSIS = YES;
				CLANG_WARN_STRICT_PROTOTYPES = YES;
				CLANG_WARN_SUSPICIOUS_MOVE = YES;
				CLANG_WARN_UNGUARDED_AVAILABILITY = YES_AGGRESSIVE;
				CLANG_WARN_UNREACHABLE_CODE = YES;
				CLANG_WARN__DUPLICATE_METHOD_MATCH = YES;
				COPY_PHASE_STRIP = NO;
				DEBUG_INFORMATION_FORMAT = "dwarf-with-dsym";
				ENABLE_NS_ASSERTIONS = NO;
				ENABLE_STRICT_OBJC_MSGSEND = YES;
				GCC_C_LANGUAGE_STANDARD = gnu11;
				GCC_NO_COMMON_BLOCKS = YES;
				GCC_WARN_64_TO_32_BIT_CONVERSION = YES;
				GCC_WARN_ABOUT_RETURN_TYPE = YES_ERROR;
				GCC_WARN_UNDECLARED_SELECTOR = YES;
				GCC_WARN_UNINITIALIZED_AUTOS = YES_AGGRESSIVE;
				GCC_WARN_UNUSED_FUNCTION = YES;
				GCC_WARN_UNUSED_VARIABLE = YES;
				IPHONEOS_DEPLOYMENT_TARGET = 15.5;
				MTL_ENABLE_DEBUG_INFO = NO;
				MTL_FAST_MATH = YES;
				SDKROOT = iphoneos;
				SWIFT_COMPILATION_MODE = wholemodule;
				SWIFT_OPTIMIZATION_LEVEL = "-O";
				VALIDATE_PRODUCT = YES;
			};
			name = Release;
		};
		DD4797EF28BF54CF00351DC4 /* Debug */ = {
			isa = XCBuildConfiguration;
			buildSettings = {
				ASSETCATALOG_COMPILER_APPICON_NAME = AppIcon;
				ASSETCATALOG_COMPILER_GLOBAL_ACCENT_COLOR_NAME = AccentColor;
				CODE_SIGN_STYLE = Automatic;
				CURRENT_PROJECT_VERSION = 1;
				DEVELOPMENT_TEAM = 5HCGK89358;
				GENERATE_INFOPLIST_FILE = YES;
				INFOPLIST_FILE = SeguesAndGestures/Info.plist;
				INFOPLIST_KEY_UIApplicationSupportsIndirectInputEvents = YES;
				INFOPLIST_KEY_UILaunchStoryboardName = LaunchScreen;
				INFOPLIST_KEY_UIMainStoryboardFile = Main;
				INFOPLIST_KEY_UISupportedInterfaceOrientations_iPad = "UIInterfaceOrientationPortrait UIInterfaceOrientationPortraitUpsideDown UIInterfaceOrientationLandscapeLeft UIInterfaceOrientationLandscapeRight";
				INFOPLIST_KEY_UISupportedInterfaceOrientations_iPhone = "UIInterfaceOrientationPortrait UIInterfaceOrientationLandscapeLeft UIInterfaceOrientationLandscapeRight";
				LD_RUNPATH_SEARCH_PATHS = (
					"$(inherited)",
					"@executable_path/Frameworks",
				);
				MARKETING_VERSION = 1.0;
				PRODUCT_BUNDLE_IDENTIFIER = com.ahmadardal.SeguesAndGestures;
				PRODUCT_NAME = "$(TARGET_NAME)";
				SWIFT_EMIT_LOC_STRINGS = YES;
				SWIFT_VERSION = 5.0;
				TARGETED_DEVICE_FAMILY = "1,2";
			};
			name = Debug;
		};
		DD4797F028BF54CF00351DC4 /* Release */ = {
			isa = XCBuildConfiguration;
			buildSettings = {
				ASSETCATALOG_COMPILER_APPICON_NAME = AppIcon;
				ASSETCATALOG_COMPILER_GLOBAL_ACCENT_COLOR_NAME = AccentColor;
				CODE_SIGN_STYLE = Automatic;
				CURRENT_PROJECT_VERSION = 1;
				DEVELOPMENT_TEAM = 5HCGK89358;
				GENERATE_INFOPLIST_FILE = YES;
				INFOPLIST_FILE = SeguesAndGestures/Info.plist;
				INFOPLIST_KEY_UIApplicationSupportsIndirectInputEvents = YES;
				INFOPLIST_KEY_UILaunchStoryboardName = LaunchScreen;
				INFOPLIST_KEY_UIMainStoryboardFile = Main;
				INFOPLIST_KEY_UISupportedInterfaceOrientations_iPad = "UIInterfaceOrientationPortrait UIInterfaceOrientationPortraitUpsideDown UIInterfaceOrientationLandscapeLeft UIInterfaceOrientationLandscapeRight";
				INFOPLIST_KEY_UISupportedInterfaceOrientations_iPhone = "UIInterfaceOrientationPortrait UIInterfaceOrientationLandscapeLeft UIInterfaceOrientationLandscapeRight";
				LD_RUNPATH_SEARCH_PATHS = (
					"$(inherited)",
					"@executable_path/Frameworks",
				);
				MARKETING_VERSION = 1.0;
				PRODUCT_BUNDLE_IDENTIFIER = com.ahmadardal.SeguesAndGestures;
				PRODUCT_NAME = "$(TARGET_NAME)";
				SWIFT_EMIT_LOC_STRINGS = YES;
				SWIFT_VERSION = 5.0;
				TARGETED_DEVICE_FAMILY = "1,2";
			};
			name = Release;
		};
		DD4797F228BF54CF00351DC4 /* Debug */ = {
			isa = XCBuildConfiguration;
			buildSettings = {
				ALWAYS_EMBED_SWIFT_STANDARD_LIBRARIES = YES;
				BUNDLE_LOADER = "$(TEST_HOST)";
				CODE_SIGN_STYLE = Automatic;
				CURRENT_PROJECT_VERSION = 1;
				DEVELOPMENT_TEAM = 5HCGK89358;
				GENERATE_INFOPLIST_FILE = YES;
				IPHONEOS_DEPLOYMENT_TARGET = 15.5;
				MARKETING_VERSION = 1.0;
				PRODUCT_BUNDLE_IDENTIFIER = com.ahmadardal.SeguesAndGesturesTests;
				PRODUCT_NAME = "$(TARGET_NAME)";
				SWIFT_EMIT_LOC_STRINGS = NO;
				SWIFT_VERSION = 5.0;
				TARGETED_DEVICE_FAMILY = "1,2";
				TEST_HOST = "$(BUILT_PRODUCTS_DIR)/SeguesAndGestures.app/SeguesAndGestures";
			};
			name = Debug;
		};
		DD4797F328BF54CF00351DC4 /* Release */ = {
			isa = XCBuildConfiguration;
			buildSettings = {
				ALWAYS_EMBED_SWIFT_STANDARD_LIBRARIES = YES;
				BUNDLE_LOADER = "$(TEST_HOST)";
				CODE_SIGN_STYLE = Automatic;
				CURRENT_PROJECT_VERSION = 1;
				DEVELOPMENT_TEAM = 5HCGK89358;
				GENERATE_INFOPLIST_FILE = YES;
				IPHONEOS_DEPLOYMENT_TARGET = 15.5;
				MARKETING_VERSION = 1.0;
				PRODUCT_BUNDLE_IDENTIFIER = com.ahmadardal.SeguesAndGesturesTests;
				PRODUCT_NAME = "$(TARGET_NAME)";
				SWIFT_EMIT_LOC_STRINGS = NO;
				SWIFT_VERSION = 5.0;
				TARGETED_DEVICE_FAMILY = "1,2";
				TEST_HOST = "$(BUILT_PRODUCTS_DIR)/SeguesAndGestures.app/SeguesAndGestures";
			};
			name = Release;
		};
		DD4797F528BF54CF00351DC4 /* Debug */ = {
			isa = XCBuildConfiguration;
			buildSettings = {
				ALWAYS_EMBED_SWIFT_STANDARD_LIBRARIES = YES;
				CODE_SIGN_STYLE = Automatic;
				CURRENT_PROJECT_VERSION = 1;
				DEVELOPMENT_TEAM = 5HCGK89358;
				GENERATE_INFOPLIST_FILE = YES;
				MARKETING_VERSION = 1.0;
				PRODUCT_BUNDLE_IDENTIFIER = com.ahmadardal.SeguesAndGesturesUITests;
				PRODUCT_NAME = "$(TARGET_NAME)";
				SWIFT_EMIT_LOC_STRINGS = NO;
				SWIFT_VERSION = 5.0;
				TARGETED_DEVICE_FAMILY = "1,2";
				TEST_TARGET_NAME = SeguesAndGestures;
			};
			name = Debug;
		};
		DD4797F628BF54CF00351DC4 /* Release */ = {
			isa = XCBuildConfiguration;
			buildSettings = {
				ALWAYS_EMBED_SWIFT_STANDARD_LIBRARIES = YES;
				CODE_SIGN_STYLE = Automatic;
				CURRENT_PROJECT_VERSION = 1;
				DEVELOPMENT_TEAM = 5HCGK89358;
				GENERATE_INFOPLIST_FILE = YES;
				MARKETING_VERSION = 1.0;
				PRODUCT_BUNDLE_IDENTIFIER = com.ahmadardal.SeguesAndGesturesUITests;
				PRODUCT_NAME = "$(TARGET_NAME)";
				SWIFT_EMIT_LOC_STRINGS = NO;
				SWIFT_VERSION = 5.0;
				TARGETED_DEVICE_FAMILY = "1,2";
				TEST_TARGET_NAME = SeguesAndGestures;
			};
			name = Release;
		};
/* End XCBuildConfiguration section */

/* Begin XCConfigurationList section */
		DD4797BF28BF54CE00351DC4 /* Build configuration list for PBXProject "SeguesAndGestures" */ = {
			isa = XCConfigurationList;
			buildConfigurations = (
				DD4797EC28BF54CF00351DC4 /* Debug */,
				DD4797ED28BF54CF00351DC4 /* Release */,
			);
			defaultConfigurationIsVisible = 0;
			defaultConfigurationName = Release;
		};
		DD4797EE28BF54CF00351DC4 /* Build configuration list for PBXNativeTarget "SeguesAndGestures" */ = {
			isa = XCConfigurationList;
			buildConfigurations = (
				DD4797EF28BF54CF00351DC4 /* Debug */,
				DD4797F028BF54CF00351DC4 /* Release */,
			);
			defaultConfigurationIsVisible = 0;
			defaultConfigurationName = Release;
		};
		DD4797F128BF54CF00351DC4 /* Build configuration list for PBXNativeTarget "SeguesAndGesturesTests" */ = {
			isa = XCConfigurationList;
			buildConfigurations = (
				DD4797F228BF54CF00351DC4 /* Debug */,
				DD4797F328BF54CF00351DC4 /* Release */,
			);
			defaultConfigurationIsVisible = 0;
			defaultConfigurationName = Release;
		};
		DD4797F428BF54CF00351DC4 /* Build configuration list for PBXNativeTarget "SeguesAndGesturesUITests" */ = {
			isa = XCConfigurationList;
			buildConfigurations = (
				DD4797F528BF54CF00351DC4 /* Debug */,
				DD4797F628BF54CF00351DC4 /* Release */,
			);
			defaultConfigurationIsVisible = 0;
			defaultConfigurationName = Release;
		};
/* End XCConfigurationList section */
	};
	rootObject = DD4797BC28BF54CE00351DC4 /* Project object */;
}
